// !$*UTF8*$!
{
	archiveVersion = 1;
	classes = {
	};
	objectVersion = 56;
	objects = {

/* Begin PBXBuildFile section */
		030D709CC3186C3C7A61FF2A /* Sources/JZMDReader/Views/ReaderWorkspaceView.swift in Sources */ = {isa = PBXBuildFile; fileRef = 4FA44E10641085D3B3D8CBE6 /* Sources/JZMDReader/Views/ReaderWorkspaceView.swift */; };
		1D129769DA75445CB0E1033B /* Sources/JZMDReader/Services/PDFExporter.swift in Sources */ = {isa = PBXBuildFile; fileRef = EA9EB41E569773601D63FD1A /* Sources/JZMDReader/Services/PDFExporter.swift */; };
		1DC58ECB995142581B8A8263 /* AppKit.framework in Frameworks */ = {isa = PBXBuildFile; fileRef = 383AF80BBE54FC83042D0C52 /* AppKit.framework */; };
		27151718398846DF55BD4328 /* Sources/JZMDReader/App/JZMDReaderApp.swift in Sources */ = {isa = PBXBuildFile; fileRef = 6A98F7B03E9CB3189E67EE73 /* Sources/JZMDReader/App/JZMDReaderApp.swift */; };
		30F1FDCB93364E4D52B59E71 /* Sources/JZMDReader/Stores/ReaderStore.swift in Sources */ = {isa = PBXBuildFile; fileRef = 46462BE03FDABA8ED635B309 /* Sources/JZMDReader/Stores/ReaderStore.swift */; };
		4FAA028E95BEC6A55AFA422C /* WebKit.framework in Frameworks */ = {isa = PBXBuildFile; fileRef = 26A76CAD38B9CA043ED0103B /* WebKit.framework */; };
		6B7CD4807BE909A5274D46CD /* Sources/JZMDReader/Services/FileWatcher.swift in Sources */ = {isa = PBXBuildFile; fileRef = CC856FB5578743B3D0D95406 /* Sources/JZMDReader/Services/FileWatcher.swift */; };
		74B841EFA7CD3EF93AB4940A /* Sources/JZMDReader/Support/AppCopy.swift in Sources */ = {isa = PBXBuildFile; fileRef = 800B829EE1EBB1025F92FAFA /* Sources/JZMDReader/Support/AppCopy.swift */; };
		9F86875BB32A7F817997BF18 /* Sources/JZMDReader/Support/Notifications.swift in Sources */ = {isa = PBXBuildFile; fileRef = 64CC456F31245EA859835932 /* Sources/JZMDReader/Support/Notifications.swift */; };
		A47EA8BA29B5EAD4C9146E32 /* Sources/JZMDReader/Views/ContentView.swift in Sources */ = {isa = PBXBuildFile; fileRef = 535F7E8F6FF508BFC59AC1E6 /* Sources/JZMDReader/Views/ContentView.swift */; };
		B6060DDD41AF60BAEBBC526E /* Sources/JZMDReader/Support/WebPreview.swift in Sources */ = {isa = PBXBuildFile; fileRef = 42743E858C833E76E77E9ED5 /* Sources/JZMDReader/Support/WebPreview.swift */; };
		C0DD2A46225D7EF6DEA4C1BF /* Sources/JZMDReader/Views/InspectorView.swift in Sources */ = {isa = PBXBuildFile; fileRef = 26D0DDC7795292BF1EC238AE /* Sources/JZMDReader/Views/InspectorView.swift */; };
		D0F30434E2155772925E8DE4 /* Sources/JZMDReader/Support/ReaderDesign.swift in Sources */ = {isa = PBXBuildFile; fileRef = 1F42EF32F48B612CA08E9991 /* Sources/JZMDReader/Support/ReaderDesign.swift */; };
		DD1C5B6A969CDEAAE95B7443 /* Sources/JZMDReader/Views/SidebarView.swift in Sources */ = {isa = PBXBuildFile; fileRef = 163396C4A23ABEA51CCB4034 /* Sources/JZMDReader/Views/SidebarView.swift */; };
		F122E8046F79EEDADF6292FD /* Sources/JZMDReaderCore/MarkdownRenderer.swift in Sources */ = {isa = PBXBuildFile; fileRef = B0AC3A9AA8085FADA1ECDF0E /* Sources/JZMDReaderCore/MarkdownRenderer.swift */; };
		F686A6D7936CDAE052F2081E /* Resources/AppIcon.icns in Resources */ = {isa = PBXBuildFile; fileRef = 6550EE2942CEAF5A9D580A07 /* Resources/AppIcon.icns */; };
		FB815985DC6B1CC7FA8E7B68 /* Sources/JZMDReaderCore/RenderModels.swift in Sources */ = {isa = PBXBuildFile; fileRef = 8C186EA00065A309F55A6E93 /* Sources/JZMDReaderCore/RenderModels.swift */; };
/* End PBXBuildFile section */

/* Begin PBXFileReference section */
		038D73405539242B80799AE1 /* script/build_and_run.sh */ = {isa = PBXFileReference; lastKnownFileType = text.script.sh; path = script/build_and_run.sh; sourceTree = "<group>"; };
		163396C4A23ABEA51CCB4034 /* Sources/JZMDReader/Views/SidebarView.swift */ = {isa = PBXFileReference; lastKnownFileType = sourcecode.swift; path = Sources/JZMDReader/Views/SidebarView.swift; sourceTree = "<group>"; };
		1F42EF32F48B612CA08E9991 /* Sources/JZMDReader/Support/ReaderDesign.swift */ = {isa = PBXFileReference; lastKnownFileType = sourcecode.swift; path = Sources/JZMDReader/Support/ReaderDesign.swift; sourceTree = "<group>"; };
		2044FC5D8C51B019787AB0A7 /* Config/ZedMark.entitlements */ = {isa = PBXFileReference; lastKnownFileType = text.plist.entitlements; path = Config/ZedMark.entitlements; sourceTree = "<group>"; };
		26A76CAD38B9CA043ED0103B /* WebKit.framework */ = {isa = PBXFileReference; lastKnownFileType = wrapper.framework; name = WebKit.framework; path = System/Library/Frameworks/WebKit.framework; sourceTree = SDKROOT; };
		26D0DDC7795292BF1EC238AE /* Sources/JZMDReader/Views/InspectorView.swift */ = {isa = PBXFileReference; lastKnownFileType = sourcecode.swift; path = Sources/JZMDReader/Views/InspectorView.swift; sourceTree = "<group>"; };
		383AF80BBE54FC83042D0C52 /* AppKit.framework */ = {isa = PBXFileReference; lastKnownFileType = wrapper.framework; name = AppKit.framework; path = System/Library/Frameworks/AppKit.framework; sourceTree = SDKROOT; };
		42743E858C833E76E77E9ED5 /* Sources/JZMDReader/Support/WebPreview.swift */ = {isa = PBXFileReference; lastKnownFileType = sourcecode.swift; path = Sources/JZMDReader/Support/WebPreview.swift; sourceTree = "<group>"; };
		46462BE03FDABA8ED635B309 /* Sources/JZMDReader/Stores/ReaderStore.swift */ = {isa = PBXFileReference; lastKnownFileType = sourcecode.swift; path = Sources/JZMDReader/Stores/ReaderStore.swift; sourceTree = "<group>"; };
		4FA44E10641085D3B3D8CBE6 /* Sources/JZMDReader/Views/ReaderWorkspaceView.swift */ = {isa = PBXFileReference; lastKnownFileType = sourcecode.swift; path = Sources/JZMDReader/Views/ReaderWorkspaceView.swift; sourceTree = "<group>"; };
		535F7E8F6FF508BFC59AC1E6 /* Sources/JZMDReader/Views/ContentView.swift */ = {isa = PBXFileReference; lastKnownFileType = sourcecode.swift; path = Sources/JZMDReader/Views/ContentView.swift; sourceTree = "<group>"; };
		5CFC602F11731575DEEEF594 /* script/archive_app_store.sh */ = {isa = PBXFileReference; lastKnownFileType = text.script.sh; path = script/archive_app_store.sh; sourceTree = "<group>"; };
		64CC456F31245EA859835932 /* Sources/JZMDReader/Support/Notifications.swift */ = {isa = PBXFileReference; lastKnownFileType = sourcecode.swift; path = Sources/JZMDReader/Support/Notifications.swift; sourceTree = "<group>"; };
		6550EE2942CEAF5A9D580A07 /* Resources/AppIcon.icns */ = {isa = PBXFileReference; lastKnownFileType = image.icns; path = Resources/AppIcon.icns; sourceTree = "<group>"; };
		6A98F7B03E9CB3189E67EE73 /* Sources/JZMDReader/App/JZMDReaderApp.swift */ = {isa = PBXFileReference; lastKnownFileType = sourcecode.swift; path = Sources/JZMDReader/App/JZMDReaderApp.swift; sourceTree = "<group>"; };
		7A4FF7F962C7F66B27D6CDC6 /* .gitignore */ = {isa = PBXFileReference; lastKnownFileType = text; path = .gitignore; sourceTree = "<group>"; };
		800B829EE1EBB1025F92FAFA /* Sources/JZMDReader/Support/AppCopy.swift */ = {isa = PBXFileReference; lastKnownFileType = sourcecode.swift; path = Sources/JZMDReader/Support/AppCopy.swift; sourceTree = "<group>"; };
		8C186EA00065A309F55A6E93 /* Sources/JZMDReaderCore/RenderModels.swift */ = {isa = PBXFileReference; lastKnownFileType = sourcecode.swift; path = Sources/JZMDReaderCore/RenderModels.swift; sourceTree = "<group>"; };
		9438BEFF26643F3252D1F91D /* script/generate_app_icon.swift */ = {isa = PBXFileReference; lastKnownFileType = sourcecode.swift; path = script/generate_app_icon.swift; sourceTree = "<group>"; };
		A402AB66C0020CAD67E5ADEB /* script/build_xcode_app.sh */ = {isa = PBXFileReference; lastKnownFileType = text.script.sh; path = script/build_xcode_app.sh; sourceTree = "<group>"; };
		AA4ACA445B3FBAF47CDE31AC /* README.md */ = {isa = PBXFileReference; lastKnownFileType = text; path = README.md; sourceTree = "<group>"; };
		B0AC3A9AA8085FADA1ECDF0E /* Sources/JZMDReaderCore/MarkdownRenderer.swift */ = {isa = PBXFileReference; lastKnownFileType = sourcecode.swift; path = Sources/JZMDReaderCore/MarkdownRenderer.swift; sourceTree = "<group>"; };
		BCFA14070C8F570C520EF850 /* Package.swift */ = {isa = PBXFileReference; lastKnownFileType = sourcecode.swift; path = Package.swift; sourceTree = "<group>"; };
		CC856FB5578743B3D0D95406 /* Sources/JZMDReader/Services/FileWatcher.swift */ = {isa = PBXFileReference; lastKnownFileType = sourcecode.swift; path = Sources/JZMDReader/Services/FileWatcher.swift; sourceTree = "<group>"; };
		E4044B328F87F1B55DA93008 /* Config/ZedMark-Info.plist */ = {isa = PBXFileReference; lastKnownFileType = text.plist.xml; path = "Config/ZedMark-Info.plist"; sourceTree = "<group>"; };
		EA9EB41E569773601D63FD1A /* Sources/JZMDReader/Services/PDFExporter.swift */ = {isa = PBXFileReference; lastKnownFileType = sourcecode.swift; path = Sources/JZMDReader/Services/PDFExporter.swift; sourceTree = "<group>"; };
		F3449BC9FF5CCF4CED7C2D95 /* ZedMark.app */ = {isa = PBXFileReference; explicitFileType = wrapper.application; includeInIndex = 0; path = ZedMark.app; sourceTree = BUILT_PRODUCTS_DIR; };
/* End PBXFileReference section */

/* Begin PBXFrameworksBuildPhase section */
		CA8003021206097066E984FF /* Frameworks */ = {
			isa = PBXFrameworksBuildPhase;
			buildActionMask = 2147483647;
			files = (
				1DC58ECB995142581B8A8263 /* AppKit.framework in Frameworks */,
				4FAA028E95BEC6A55AFA422C /* WebKit.framework in Frameworks */,
			);
			runOnlyForDeploymentPostprocessing = 0;
		};
/* End PBXFrameworksBuildPhase section */

/* Begin PBXGroup section */
		5151B46607EBC8890D8DFCC2 /* Products */ = {
			isa = PBXGroup;
			children = (
				F3449BC9FF5CCF4CED7C2D95 /* ZedMark.app */,
			);
			name = Products;
			sourceTree = "<group>";
		};
		931BAC40E0989DC841B8C1D2 = {
			isa = PBXGroup;
			children = (
				BCFA14070C8F570C520EF850 /* Package.swift */,
				AA4ACA445B3FBAF47CDE31AC /* README.md */,
				7A4FF7F962C7F66B27D6CDC6 /* .gitignore */,
				E4044B328F87F1B55DA93008 /* Config/ZedMark-Info.plist */,
				2044FC5D8C51B019787AB0A7 /* Config/ZedMark.entitlements */,
				6550EE2942CEAF5A9D580A07 /* Resources/AppIcon.icns */,
				6A98F7B03E9CB3189E67EE73 /* Sources/JZMDReader/App/JZMDReaderApp.swift */,
				CC856FB5578743B3D0D95406 /* Sources/JZMDReader/Services/FileWatcher.swift */,
				EA9EB41E569773601D63FD1A /* Sources/JZMDReader/Services/PDFExporter.swift */,
				46462BE03FDABA8ED635B309 /* Sources/JZMDReader/Stores/ReaderStore.swift */,
				800B829EE1EBB1025F92FAFA /* Sources/JZMDReader/Support/AppCopy.swift */,
				64CC456F31245EA859835932 /* Sources/JZMDReader/Support/Notifications.swift */,
				1F42EF32F48B612CA08E9991 /* Sources/JZMDReader/Support/ReaderDesign.swift */,
				42743E858C833E76E77E9ED5 /* Sources/JZMDReader/Support/WebPreview.swift */,
				535F7E8F6FF508BFC59AC1E6 /* Sources/JZMDReader/Views/ContentView.swift */,
				26D0DDC7795292BF1EC238AE /* Sources/JZMDReader/Views/InspectorView.swift */,
				4FA44E10641085D3B3D8CBE6 /* Sources/JZMDReader/Views/ReaderWorkspaceView.swift */,
				163396C4A23ABEA51CCB4034 /* Sources/JZMDReader/Views/SidebarView.swift */,
				B0AC3A9AA8085FADA1ECDF0E /* Sources/JZMDReaderCore/MarkdownRenderer.swift */,
				8C186EA00065A309F55A6E93 /* Sources/JZMDReaderCore/RenderModels.swift */,
				038D73405539242B80799AE1 /* script/build_and_run.sh */,
				A402AB66C0020CAD67E5ADEB /* script/build_xcode_app.sh */,
				5CFC602F11731575DEEEF594 /* script/archive_app_store.sh */,
				9438BEFF26643F3252D1F91D /* script/generate_app_icon.swift */,
				383AF80BBE54FC83042D0C52 /* AppKit.framework */,
				26A76CAD38B9CA043ED0103B /* WebKit.framework */,
				5151B46607EBC8890D8DFCC2 /* Products */,
			);
			sourceTree = "<group>";
		};
/* End PBXGroup section */

/* Begin PBXNativeTarget section */
		3E6EB4DD0C470A1A67940635 /* ZedMark */ = {
			isa = PBXNativeTarget;
			buildConfigurationList = 7ADE71700E9404B10E13B577 /* Build configuration list for PBXNativeTarget "ZedMark" */;
			buildPhases = (
				28BE49E1E42D704C38EEA420 /* Sources */,
				CA8003021206097066E984FF /* Frameworks */,
				E26E44B743A848DED8844ED9 /* Resources */,
			);
			buildRules = (
			);
			dependencies = (
			);
			name = ZedMark;
			productName = ZedMark;
			productReference = F3449BC9FF5CCF4CED7C2D95 /* ZedMark.app */;
			productType = "com.apple.product-type.application";
		};
/* End PBXNativeTarget section */

/* Begin PBXProject section */
		DE89D99BA8A6287049C81FDA /* Project object */ = {
			isa = PBXProject;
			attributes = {
				BuildIndependentTargetsInParallel = YES;
				LastSwiftUpdateCheck = 1640;
				LastUpgradeCheck = 2640;
				TargetAttributes = {
					3E6EB4DD0C470A1A67940635 = {
						CreatedOnToolsVersion = 16.4;
					};
				};
			};
			buildConfigurationList = 12D04D787E90C9B967248BFD /* Build configuration list for PBXProject "ZedMark" */;
			compatibilityVersion = "Xcode 14.0";
			developmentRegion = en;
			hasScannedForEncodings = 0;
			knownRegions = (
				en,
				Base,
			);
			mainGroup = 931BAC40E0989DC841B8C1D2;
			productRefGroup = 5151B46607EBC8890D8DFCC2 /* Products */;
			projectDirPath = "";
			projectRoot = "";
			targets = (
				3E6EB4DD0C470A1A67940635 /* ZedMark */,
			);
		};
/* End PBXProject section */

/* Begin PBXResourcesBuildPhase section */
		E26E44B743A848DED8844ED9 /* Resources */ = {
			isa = PBXResourcesBuildPhase;
			buildActionMask = 2147483647;
			files = (
				F686A6D7936CDAE052F2081E /* Resources/AppIcon.icns in Resources */,
			);
			runOnlyForDeploymentPostprocessing = 0;
		};
/* End PBXResourcesBuildPhase section */

/* Begin PBXSourcesBuildPhase section */
		28BE49E1E42D704C38EEA420 /* Sources */ = {
			isa = PBXSourcesBuildPhase;
			buildActionMask = 2147483647;
			files = (
				27151718398846DF55BD4328 /* Sources/JZMDReader/App/JZMDReaderApp.swift in Sources */,
				6B7CD4807BE909A5274D46CD /* Sources/JZMDReader/Services/FileWatcher.swift in Sources */,
				1D129769DA75445CB0E1033B /* Sources/JZMDReader/Services/PDFExporter.swift in Sources */,
				30F1FDCB93364E4D52B59E71 /* Sources/JZMDReader/Stores/ReaderStore.swift in Sources */,
				74B841EFA7CD3EF93AB4940A /* Sources/JZMDReader/Support/AppCopy.swift in Sources */,
				9F86875BB32A7F817997BF18 /* Sources/JZMDReader/Support/Notifications.swift in Sources */,
				D0F30434E2155772925E8DE4 /* Sources/JZMDReader/Support/ReaderDesign.swift in Sources */,
				B6060DDD41AF60BAEBBC526E /* Sources/JZMDReader/Support/WebPreview.swift in Sources */,
				A47EA8BA29B5EAD4C9146E32 /* Sources/JZMDReader/Views/ContentView.swift in Sources */,
				C0DD2A46225D7EF6DEA4C1BF /* Sources/JZMDReader/Views/InspectorView.swift in Sources */,
				030D709CC3186C3C7A61FF2A /* Sources/JZMDReader/Views/ReaderWorkspaceView.swift in Sources */,
				DD1C5B6A969CDEAAE95B7443 /* Sources/JZMDReader/Views/SidebarView.swift in Sources */,
				F122E8046F79EEDADF6292FD /* Sources/JZMDReaderCore/MarkdownRenderer.swift in Sources */,
				FB815985DC6B1CC7FA8E7B68 /* Sources/JZMDReaderCore/RenderModels.swift in Sources */,
			);
			runOnlyForDeploymentPostprocessing = 0;
		};
/* End PBXSourcesBuildPhase section */

/* Begin XCBuildConfiguration section */
		1E0DDAF384B911BF23BC77ED /* Debug */ = {
			isa = XCBuildConfiguration;
			buildSettings = {
				CODE_SIGN_ENTITLEMENTS = Config/ZedMark.entitlements;
				CODE_SIGN_IDENTITY = "Apple Development";
				CODE_SIGN_STYLE = Automatic;
				COMBINE_HIDPI_IMAGES = YES;
				CURRENT_PROJECT_VERSION = 12;
				DEAD_CODE_STRIPPING = YES;
				ENABLE_HARDENED_RUNTIME = YES;
				GENERATE_INFOPLIST_FILE = NO;
				INFOPLIST_FILE = "Config/ZedMark-Info.plist";
				LD_RUNPATH_SEARCH_PATHS = (
					"$(inherited)",
					"@executable_path/../Frameworks",
				);
				MARKETING_VERSION = 1.0.3;
				PRODUCT_BUNDLE_IDENTIFIER = com.jeffzhang.ZedMark;
				PRODUCT_NAME = ZedMark;
				SWIFT_EMIT_LOC_STRINGS = YES;
				SWIFT_VERSION = 5.0;
			};
			name = Debug;
		};
		877A6BA951A2EA0025A2ABE8 /* Debug */ = {
			isa = XCBuildConfiguration;
			buildSettings = {
				ALWAYS_SEARCH_USER_PATHS = NO;
				CLANG_ANALYZER_NONNULL = YES;
				CLANG_ANALYZER_NUMBER_OBJECT_CONVERSION = YES_AGGRESSIVE;
				CLANG_CXX_LANGUAGE_STANDARD = "gnu++20";
				CLANG_ENABLE_MODULES = YES;
				CLANG_ENABLE_OBJC_ARC = YES;
				CLANG_ENABLE_OBJC_WEAK = YES;
				CLANG_WARN_BLOCK_CAPTURE_AUTORELEASING = YES;
				CLANG_WARN_BOOL_CONVERSION = YES;
				CLANG_WARN_COMMA = YES;
				CLANG_WARN_CONSTANT_CONVERSION = YES;
				CLANG_WARN_DEPRECATED_OBJC_IMPLEMENTATIONS = YES;
				CLANG_WARN_DIRECT_OBJC_ISA_USAGE = YES_ERROR;
				CLANG_WARN_DOCUMENTATION_COMMENTS = YES;
				CLANG_WARN_EMPTY_BODY = YES;
				CLANG_WARN_ENUM_CONVERSION = YES;
				CLANG_WARN_INFINITE_RECURSION = YES;
				CLANG_WARN_INT_CONVERSION = YES;
				CLANG_WARN_NON_LITERAL_NULL_CONVERSION = YES;
				CLANG_WARN_OBJC_IMPLICIT_RETAIN_SELF = YES;
				CLANG_WARN_OBJC_LITERAL_CONVERSION = YES;
				CLANG_WARN_OBJC_ROOT_CLASS = YES_ERROR;
				CLANG_WARN_QUOTED_INCLUDE_IN_FRAMEWORK_HEADER = YES;
				CLANG_WARN_RANGE_LOOP_ANALYSIS = YES;
				CLANG_WARN_STRICT_PROTOTYPES = YES;
				CLANG_WARN_SUSPICIOUS_MOVE = YES;
				CLANG_WARN_UNGUARDED_AVAILABILITY = YES_AGGRESSIVE;
				CLANG_WARN_UNREACHABLE_CODE = YES;
				CLANG_WARN__DUPLICATE_METHOD_MATCH = YES;
				COPY_PHASE_STRIP = NO;
				DEAD_CODE_STRIPPING = YES;
				DEBUG_INFORMATION_FORMAT = dwarf;
				DEVELOPMENT_TEAM = WP7VFLLBH4;
				ENABLE_STRICT_OBJC_MSGSEND = YES;
				ENABLE_TESTABILITY = YES;
				ENABLE_USER_SCRIPT_SANDBOXING = YES;
				GCC_C_LANGUAGE_STANDARD = gnu17;
				GCC_NO_COMMON_BLOCKS = YES;
				GCC_WARN_64_TO_32_BIT_CONVERSION = YES;
				GCC_WARN_ABOUT_RETURN_TYPE = YES_ERROR;
				GCC_WARN_UNDECLARED_SELECTOR = YES;
				GCC_WARN_UNINITIALIZED_AUTOS = YES_AGGRESSIVE;
				GCC_WARN_UNUSED_FUNCTION = YES;
				GCC_WARN_UNUSED_VARIABLE = YES;
				MACOSX_DEPLOYMENT_TARGET = 13.0;
				ONLY_ACTIVE_ARCH = YES;
				SDKROOT = macosx;
				STRING_CATALOG_GENERATE_SYMBOLS = YES;
				SWIFT_OPTIMIZATION_LEVEL = "-Onone";
				SWIFT_VERSION = 5.0;
			};
			name = Debug;
		};
		959134B361DD7E21ADEA3164 /* Release */ = {
			isa = XCBuildConfiguration;
			buildSettings = {
				ALWAYS_SEARCH_USER_PATHS = NO;
				CLANG_ANALYZER_NONNULL = YES;
				CLANG_ANALYZER_NUMBER_OBJECT_CONVERSION = YES_AGGRESSIVE;
				CLANG_CXX_LANGUAGE_STANDARD = "gnu++20";
				CLANG_ENABLE_MODULES = YES;
				CLANG_ENABLE_OBJC_ARC = YES;
				CLANG_ENABLE_OBJC_WEAK = YES;
				CLANG_WARN_BLOCK_CAPTURE_AUTORELEASING = YES;
				CLANG_WARN_BOOL_CONVERSION = YES;
				CLANG_WARN_COMMA = YES;
				CLANG_WARN_CONSTANT_CONVERSION = YES;
				CLANG_WARN_DEPRECATED_OBJC_IMPLEMENTATIONS = YES;
				CLANG_WARN_DIRECT_OBJC_ISA_USAGE = YES_ERROR;
				CLANG_WARN_DOCUMENTATION_COMMENTS = YES;
				CLANG_WARN_EMPTY_BODY = YES;
				CLANG_WARN_ENUM_CONVERSION = YES;
				CLANG_WARN_INFINITE_RECURSION = YES;
				CLANG_WARN_INT_CONVERSION = YES;
				CLANG_WARN_NON_LITERAL_NULL_CONVERSION = YES;
				CLANG_WARN_OBJC_IMPLICIT_RETAIN_SELF = YES;
				CLANG_WARN_OBJC_LITERAL_CONVERSION = YES;
				CLANG_WARN_OBJC_ROOT_CLASS = YES_ERROR;
				CLANG_WARN_QUOTED_INCLUDE_IN_FRAMEWORK_HEADER = YES;
				CLANG_WARN_RANGE_LOOP_ANALYSIS = YES;
				CLANG_WARN_STRICT_PROTOTYPES = YES;
				CLANG_WARN_SUSPICIOUS_MOVE = YES;
				CLANG_WARN_UNGUARDED_AVAILABILITY = YES_AGGRESSIVE;
				CLANG_WARN_UNREACHABLE_CODE = YES;
				CLANG_WARN__DUPLICATE_METHOD_MATCH = YES;
				COPY_PHASE_STRIP = NO;
				DEAD_CODE_STRIPPING = YES;
				DEBUG_INFORMATION_FORMAT = "dwarf-with-dsym";
				DEVELOPMENT_TEAM = WP7VFLLBH4;
				ENABLE_NS_ASSERTIONS = NO;
				ENABLE_STRICT_OBJC_MSGSEND = YES;
				ENABLE_TESTABILITY = NO;
				ENABLE_USER_SCRIPT_SANDBOXING = YES;
				GCC_C_LANGUAGE_STANDARD = gnu17;
				GCC_NO_COMMON_BLOCKS = YES;
				GCC_WARN_64_TO_32_BIT_CONVERSION = YES;
				GCC_WARN_ABOUT_RETURN_TYPE = YES_ERROR;
				GCC_WARN_UNDECLARED_SELECTOR = YES;
				GCC_WARN_UNINITIALIZED_AUTOS = YES_AGGRESSIVE;
				GCC_WARN_UNUSED_FUNCTION = YES;
				GCC_WARN_UNUSED_VARIABLE = YES;
				MACOSX_DEPLOYMENT_TARGET = 13.0;
				SDKROOT = macosx;
				STRING_CATALOG_GENERATE_SYMBOLS = YES;
				SWIFT_COMPILATION_MODE = wholemodule;
				SWIFT_OPTIMIZATION_LEVEL = "-O";
				SWIFT_VERSION = 5.0;
			};
			name = Release;
		};
		A1EFC270D4D6011185E1BD4D /* Release */ = {
			isa = XCBuildConfiguration;
			buildSettings = {
				CODE_SIGN_ENTITLEMENTS = Config/ZedMark.entitlements;
				CODE_SIGN_IDENTITY = "Apple Development";
				CODE_SIGN_STYLE = Automatic;
				COMBINE_HIDPI_IMAGES = YES;
				CURRENT_PROJECT_VERSION = 12;
				DEAD_CODE_STRIPPING = YES;
				ENABLE_HARDENED_RUNTIME = YES;
				GENERATE_INFOPLIST_FILE = NO;
				INFOPLIST_FILE = "Config/ZedMark-Info.plist";
				LD_RUNPATH_SEARCH_PATHS = (
					"$(inherited)",
					"@executable_path/../Frameworks",
				);
				MARKETING_VERSION = 1.0.3;
				PRODUCT_BUNDLE_IDENTIFIER = com.jeffzhang.ZedMark;
				PRODUCT_NAME = ZedMark;
				SWIFT_EMIT_LOC_STRINGS = YES;
				SWIFT_VERSION = 5.0;
			};
			name = Release;
		};
/* End XCBuildConfiguration section */

/* Begin XCConfigurationList section */
		12D04D787E90C9B967248BFD /* Build configuration list for PBXProject "ZedMark" */ = {
			isa = XCConfigurationList;
			buildConfigurations = (
				877A6BA951A2EA0025A2ABE8 /* Debug */,
				959134B361DD7E21ADEA3164 /* Release */,
			);
			defaultConfigurationIsVisible = 0;
			defaultConfigurationName = Release;
		};
		7ADE71700E9404B10E13B577 /* Build configuration list for PBXNativeTarget "ZedMark" */ = {
			isa = XCConfigurationList;
			buildConfigurations = (
				1E0DDAF384B911BF23BC77ED /* Debug */,
				A1EFC270D4D6011185E1BD4D /* Release */,
			);
			defaultConfigurationIsVisible = 0;
			defaultConfigurationName = Release;
		};
/* End XCConfigurationList section */
	};
	rootObject = DE89D99BA8A6287049C81FDA /* Project object */;
}
